
Microsoft Visual Studio Solution File, Format Version 12.00
# Visual Studio Version 17
VisualStudioVersion = 17.4.33205.214
MinimumVisualStudioVersion = 10.0.40219.1
Project("{FAE04EC0-301F-11D3-BF4B-00C04F79EFBC}") = "PixelColorBot", "PixelColorBot.csproj", "{3DA31176-0AF6-4870-BC98-E51B478A7869}"
EndProject
Global
	GlobalSection(SolutionConfigurationPlatforms) = preSolution
		Debug|Any CPU = Debug|Any CPU
		Release|Any CPU = Release|Any CPU
	EndGlobalSection
	GlobalSection(ProjectConfigurationPlatforms) = postSolution
		{3DA31176-0AF6-4870-BC98-E51B478A7869}.Debug|Any CPU.ActiveCfg = Debug|Any CPU
		{3DA31176-0AF6-4870-BC98-E51B478A7869}.Debug|Any CPU.Build.0 = Debug|Any CPU
		{3DA31176-0AF6-4870-BC98-E51B478A7869}.Release|Any CPU.ActiveCfg = Release|Any CPU
		{3DA31176-0AF6-4870-BC98-E51B478A7869}.Release|Any CPU.Build.0 = Release|Any CPU
	EndGlobalSection
	GlobalSection(SolutionProperties) = preSolution
		HideSolutionNode = FALSE
	EndGlobalSection
	GlobalSection(ExtensibilityGlobals) = postSolution
		SolutionGuid = {D79B3BE0-EDF0-40A9-A599-AE44AE5E02D3}
	EndGlobalSection
EndGlobal
